
Microsoft Visual Studio Solution File, Format Version 12.00
# Visual Studio 15
VisualStudioVersion = 15.0.27703.2047
MinimumVisualStudioVersion = 10.0.40219.1
Project("{FAE04EC0-301F-11D3-BF4B-00C04F79EFBC}") = "Entidades", "Entidades\Entidades.csproj", "{7DC52C1C-9E05-4144-AB40-6DF46A1A29C2}"
EndProject
Project("{FAE04EC0-301F-11D3-BF4B-00C04F79EFBC}") = "MiCalculadora", "MiCalculadora\MiCalculadora.csproj", "{20479D29-8863-432C-A9FB-0DE3F5F66B57}"
EndProject
Global
	GlobalSection(SolutionConfigurationPlatforms) = preSolution
		Debug|Any CPU = Debug|Any CPU
		Release|Any CPU = Release|Any CPU
	EndGlobalSection
	GlobalSection(ProjectConfigurationPlatforms) = postSolution
		{7DC52C1C-9E05-4144-AB40-6DF46A1A29C2}.Debug|Any CPU.ActiveCfg = Debug|Any CPU
		{7DC52C1C-9E05-4144-AB40-6DF46A1A29C2}.Debug|Any CPU.Build.0 = Debug|Any CPU
		{7DC52C1C-9E05-4144-AB40-6DF46A1A29C2}.Release|Any CPU.ActiveCfg = Release|Any CPU
		{7DC52C1C-9E05-4144-AB40-6DF46A1A29C2}.Release|Any CPU.Build.0 = Release|Any CPU
		{20479D29-8863-432C-A9FB-0DE3F5F66B57}.Debug|Any CPU.ActiveCfg = Debug|Any CPU
		{20479D29-8863-432C-A9FB-0DE3F5F66B57}.Debug|Any CPU.Build.0 = Debug|Any CPU
		{20479D29-8863-432C-A9FB-0DE3F5F66B57}.Release|Any CPU.ActiveCfg = Release|Any CPU
		{20479D29-8863-432C-A9FB-0DE3F5F66B57}.Release|Any CPU.Build.0 = Release|Any CPU
	EndGlobalSection
	GlobalSection(SolutionProperties) = preSolution
		HideSolutionNode = FALSE
	EndGlobalSection
	GlobalSection(ExtensibilityGlobals) = postSolution
		SolutionGuid = {92AB34DD-4FF3-4C89-BF48-D75398248308}
	EndGlobalSection
EndGlobal
